
Microsoft Visual Studio Solution File, Format Version 11.00
# Visual Studio 2010
# SharpDevelop 4.3
Project("{FAE04EC0-301F-11D3-BF4B-00C04F79EFBC}") = "PlanetSide 2 Useroptions Editor", "PlanetSide 2 Useroptions Editor.csproj", "{0344D4E4-6525-4DFF-9A2A-1E49B4DA559E}"
EndProject
Global
	GlobalSection(SolutionConfigurationPlatforms) = preSolution
		Debug|Any CPU = Debug|Any CPU
		Release|Any CPU = Release|Any CPU
	EndGlobalSection
	GlobalSection(ProjectConfigurationPlatforms) = postSolution
		{0344D4E4-6525-4DFF-9A2A-1E49B4DA559E}.Debug|Any CPU.Build.0 = Debug|Any CPU
		{0344D4E4-6525-4DFF-9A2A-1E49B4DA559E}.Debug|Any CPU.ActiveCfg = Debug|Any CPU
		{0344D4E4-6525-4DFF-9A2A-1E49B4DA559E}.Release|Any CPU.Build.0 = Release|Any CPU
		{0344D4E4-6525-4DFF-9A2A-1E49B4DA559E}.Release|Any CPU.ActiveCfg = Release|Any CPU
	EndGlobalSection
EndGlobal
